
Microsoft Visual Studio Solution File, Format Version 12.00
# Visual Studio Version 17
VisualStudioVersion = 17.5.33502.453
MinimumVisualStudioVersion = 10.0.40219.1
Project("{9A19103F-16F7-4668-BE54-9A1E7A4F7556}") = "EscolaProject.DATA", "EscolaProject.DATA\EscolaProject.DATA.csproj", "{DD26E30A-C901-49F8-900F-91EB99B3485A}"
EndProject
Project("{F2A71F9B-5D33-465A-A702-920D77279786}") = "EscolaProject.WEB", "EscolaProject.WEB\EscolaProject.WEB.fsproj", "{F4E4719E-C009-45D6-8DC3-8485D2C66276}"
EndProject
Global
	GlobalSection(SolutionConfigurationPlatforms) = preSolution
		Debug|Any CPU = Debug|Any CPU
		Release|Any CPU = Release|Any CPU
	EndGlobalSection
	GlobalSection(ProjectConfigurationPlatforms) = postSolution
		{DD26E30A-C901-49F8-900F-91EB99B3485A}.Debug|Any CPU.ActiveCfg = Debug|Any CPU
		{DD26E30A-C901-49F8-900F-91EB99B3485A}.Debug|Any CPU.Build.0 = Debug|Any CPU
		{DD26E30A-C901-49F8-900F-91EB99B3485A}.Release|Any CPU.ActiveCfg = Release|Any CPU
		{DD26E30A-C901-49F8-900F-91EB99B3485A}.Release|Any CPU.Build.0 = Release|Any CPU
		{F4E4719E-C009-45D6-8DC3-8485D2C66276}.Debug|Any CPU.ActiveCfg = Debug|Any CPU
		{F4E4719E-C009-45D6-8DC3-8485D2C66276}.Debug|Any CPU.Build.0 = Debug|Any CPU
		{F4E4719E-C009-45D6-8DC3-8485D2C66276}.Release|Any CPU.ActiveCfg = Release|Any CPU
		{F4E4719E-C009-45D6-8DC3-8485D2C66276}.Release|Any CPU.Build.0 = Release|Any CPU
	EndGlobalSection
	GlobalSection(SolutionProperties) = preSolution
		HideSolutionNode = FALSE
	EndGlobalSection
	GlobalSection(ExtensibilityGlobals) = postSolution
		SolutionGuid = {D62E1B6A-CA4B-4CB2-A006-0B885E6054A8}
	EndGlobalSection
EndGlobal
